
Microsoft Visual Studio Solution File, Format Version 12.00
# Visual Studio Version 17
VisualStudioVersion = 17.12.35707.178
MinimumVisualStudioVersion = 10.0.40219.1
Project("{2150E333-8FDC-42A3-9474-1A3956D46DE8}") = "src", "src", "{5315428D-AC0B-4E07-8D06-B042E5204813}"
EndProject
Project("{2150E333-8FDC-42A3-9474-1A3956D46DE8}") = "test", "test", "{B5E838B3-7130-4513-92E7-73FF1CE5A70F}"
EndProject
Project("{FAE04EC0-301F-11D3-BF4B-00C04F79EFBC}") = "Bookify.Domain", "Bookify.Domain\Bookify.Domain.csproj", "{5467A06B-82B4-4DB5-8623-A87143DE31B0}"
EndProject
Project("{FAE04EC0-301F-11D3-BF4B-00C04F79EFBC}") = "Bookify.Application", "Bookify.Application\Bookify.Application.csproj", "{319B081D-B1FD-48F3-80E7-921A154DB2F1}"
EndProject
Project("{FAE04EC0-301F-11D3-BF4B-00C04F79EFBC}") = "Bookify.Infrastructure", "Bookify.Infrastructure\Bookify.Infrastructure.csproj", "{CC122A70-7D1C-4788-914E-EFE37B638FC5}"
EndProject
Project("{FAE04EC0-301F-11D3-BF4B-00C04F79EFBC}") = "Bookify.Api", "Bookify.Api\Bookify.Api.csproj", "{7659CB56-F2EA-45E5-9891-38BADFEFE97F}"
EndProject
Global
	GlobalSection(SolutionConfigurationPlatforms) = preSolution
		Debug|Any CPU = Debug|Any CPU
		Release|Any CPU = Release|Any CPU
	EndGlobalSection
	GlobalSection(ProjectConfigurationPlatforms) = postSolution
		{5467A06B-82B4-4DB5-8623-A87143DE31B0}.Debug|Any CPU.ActiveCfg = Debug|Any CPU
		{5467A06B-82B4-4DB5-8623-A87143DE31B0}.Debug|Any CPU.Build.0 = Debug|Any CPU
		{5467A06B-82B4-4DB5-8623-A87143DE31B0}.Release|Any CPU.ActiveCfg = Release|Any CPU
		{5467A06B-82B4-4DB5-8623-A87143DE31B0}.Release|Any CPU.Build.0 = Release|Any CPU
		{319B081D-B1FD-48F3-80E7-921A154DB2F1}.Debug|Any CPU.ActiveCfg = Debug|Any CPU
		{319B081D-B1FD-48F3-80E7-921A154DB2F1}.Debug|Any CPU.Build.0 = Debug|Any CPU
		{319B081D-B1FD-48F3-80E7-921A154DB2F1}.Release|Any CPU.ActiveCfg = Release|Any CPU
		{319B081D-B1FD-48F3-80E7-921A154DB2F1}.Release|Any CPU.Build.0 = Release|Any CPU
		{CC122A70-7D1C-4788-914E-EFE37B638FC5}.Debug|Any CPU.ActiveCfg = Debug|Any CPU
		{CC122A70-7D1C-4788-914E-EFE37B638FC5}.Debug|Any CPU.Build.0 = Debug|Any CPU
		{CC122A70-7D1C-4788-914E-EFE37B638FC5}.Release|Any CPU.ActiveCfg = Release|Any CPU
		{CC122A70-7D1C-4788-914E-EFE37B638FC5}.Release|Any CPU.Build.0 = Release|Any CPU
		{7659CB56-F2EA-45E5-9891-38BADFEFE97F}.Debug|Any CPU.ActiveCfg = Debug|Any CPU
		{7659CB56-F2EA-45E5-9891-38BADFEFE97F}.Debug|Any CPU.Build.0 = Debug|Any CPU
		{7659CB56-F2EA-45E5-9891-38BADFEFE97F}.Release|Any CPU.ActiveCfg = Release|Any CPU
		{7659CB56-F2EA-45E5-9891-38BADFEFE97F}.Release|Any CPU.Build.0 = Release|Any CPU
	EndGlobalSection
	GlobalSection(SolutionProperties) = preSolution
		HideSolutionNode = FALSE
	EndGlobalSection
	GlobalSection(NestedProjects) = preSolution
		{5467A06B-82B4-4DB5-8623-A87143DE31B0} = {5315428D-AC0B-4E07-8D06-B042E5204813}
		{319B081D-B1FD-48F3-80E7-921A154DB2F1} = {5315428D-AC0B-4E07-8D06-B042E5204813}
		{CC122A70-7D1C-4788-914E-EFE37B638FC5} = {5315428D-AC0B-4E07-8D06-B042E5204813}
		{7659CB56-F2EA-45E5-9891-38BADFEFE97F} = {5315428D-AC0B-4E07-8D06-B042E5204813}
	EndGlobalSection
EndGlobal
